$ANSIBLE_VAULT;1.1;AES256
31663830323664323135393638323565613935396461373437346338653065363434613637643066
3762323763363365313461633831346131626263613432620a363336626637623331326430643366
30396162346431333361383838393931393738303931663963666430303231306265633762336533
3265626333663861310a663737663337616366663465386166346235323565356437656431633138
35653339396361303233623231343061333662613733383265646430653461376661
